
Microsoft Visual Studio Solution File, Format Version 12.00
# Visual Studio Version 16
VisualStudioVersion = 16.0.33927.289
MinimumVisualStudioVersion = 10.0.40219.1
Project("{2150E333-8FDC-42A3-9474-1A3956D46DE8}") = "Task0", "Task0", "{5195CD4E-BE30-4646-BAC7-CC1D6465FE73}"
EndProject
Project("{FAE04EC0-301F-11D3-BF4B-00C04F79EFBC}") = "Tyuiu.VolovikovMV.Sprint1.Task0.V10", "Tyuiu.VolovikovMV.Sprint1.Task0.V10\Tyuiu.VolovikovMV.Sprint1.Task0.V10.csproj", "{26DAB4C6-E159-44C1-AE20-A5B648794D09}"
EndProject
Project("{FAE04EC0-301F-11D3-BF4B-00C04F79EFBC}") = "Tyuiu.VolovikovMV.Sprint1.Task0.V10.Test", "Tyuiu.VolovikovMV.Sprint1.Task0.V10.Test\Tyuiu.VolovikovMV.Sprint1.Task0.V10.Test.csproj", "{7B2BF9A1-274C-42E5-93DF-DCC84ED33033}"
EndProject
Project("{FAE04EC0-301F-11D3-BF4B-00C04F79EFBC}") = "Tyuiu.VolovikovMV.Sprint1.Task0.V10.Lib", "Tyuiu.VolovikovMV.Sprint1.Task0.V10.Lib\Tyuiu.VolovikovMV.Sprint1.Task0.V10.Lib.csproj", "{28183D37-55DF-4BB1-8760-CC7E60E5D55F}"
EndProject
Project("{2150E333-8FDC-42A3-9474-1A3956D46DE8}") = "Task1", "Task1", "{B0656072-D042-47FB-9EC9-BD87F097F12B}"
EndProject
Project("{FAE04EC0-301F-11D3-BF4B-00C04F79EFBC}") = "Tyuiu.VolovikovMV.Sprint1.Task1.V27", "Tyuiu.VolovikovMV.Sprint1.Task1.V27\Tyuiu.VolovikovMV.Sprint1.Task1.V27.csproj", "{6E4B5406-4A42-495B-A9C0-673971A126AB}"
EndProject
Project("{FAE04EC0-301F-11D3-BF4B-00C04F79EFBC}") = "Tyuiu.VolovikovMV.Sprint1.Task1.V27.Lib", "Tyuiu.VolovikovMV.Sprint1.Task1.V27.Lib\Tyuiu.VolovikovMV.Sprint1.Task1.V27.Lib.csproj", "{29C9387B-0D50-4FAF-ABDC-CF64D10FAE4E}"
EndProject
Project("{FAE04EC0-301F-11D3-BF4B-00C04F79EFBC}") = "Tyuiu.VolovikovMV.Sprint1.Task1.V27.Test", "Tyuiu.VolovikovMV.Sprint1.Task1.V27.Test\Tyuiu.VolovikovMV.Sprint1.Task1.V27.Test.csproj", "{0A919C0B-E471-41DC-874A-1D8EF1267D4F}"
EndProject
Project("{2150E333-8FDC-42A3-9474-1A3956D46DE8}") = "Task3", "Task3", "{BBE711B6-98A5-44FA-B6F1-6EC3758F6824}"
EndProject
Project("{FAE04EC0-301F-11D3-BF4B-00C04F79EFBC}") = "Tyuiu.VolovikovMV.Sprint1.Task3.V15.Lib", "Tyuiu.VolovikovMV.Sprint1.Task3.V15.Lib\Tyuiu.VolovikovMV.Sprint1.Task3.V15.Lib.csproj", "{645C53BC-9F2C-47AF-89CB-05F5016CFEF4}"
EndProject
Project("{FAE04EC0-301F-11D3-BF4B-00C04F79EFBC}") = "Tyuiu.VolovikovMV.Sprint1.Task3.V15", "Tyuiu.VolovikovMV.Sprint1.Task3.V15\Tyuiu.VolovikovMV.Sprint1.Task3.V15.csproj", "{8375AAB1-1F8C-401A-91D0-C3F7237D108B}"
EndProject
Project("{FAE04EC0-301F-11D3-BF4B-00C04F79EFBC}") = "Tyuiu.VolovikovMV.Sprint1.Task3.V15.Test", "Tyuiu.VolovikovMV.Sprint1.Task3.V15.Test\Tyuiu.VolovikovMV.Sprint1.Task3.V15.Test.csproj", "{5E2A94E1-DC40-4621-AB9B-533E7375A7B1}"
EndProject
Project("{2150E333-8FDC-42A3-9474-1A3956D46DE8}") = "Task2", "Task2", "{225D8A11-C1E4-4FEF-A8D2-B348F3533DC2}"
EndProject
Project("{FAE04EC0-301F-11D3-BF4B-00C04F79EFBC}") = "Tyuiu.VolovikovMV.Sprint1.Task2.V8", "Tyuiu.VolovikovMV.Sprint1.Task2.V8\Tyuiu.VolovikovMV.Sprint1.Task2.V8.csproj", "{84A099EF-8ADD-4572-8B6A-3C71614D9474}"
EndProject
Project("{FAE04EC0-301F-11D3-BF4B-00C04F79EFBC}") = "Tyuiu.VolovikovMV.Sprint1.Task2.V8.Lib", "Tyuiu.VolovikovMV.Sprint1.Task2.V8.Lib\Tyuiu.VolovikovMV.Sprint1.Task2.V8.Lib.csproj", "{75B86B07-DEB0-4332-B1D3-6B9844AC6473}"
EndProject
Project("{FAE04EC0-301F-11D3-BF4B-00C04F79EFBC}") = "Tyuiu.VolovikovMV.Sprint1.Task2.V8.Test", "Tyuiu.VolovikovMV.Sprint1.Task2.V8.Test\Tyuiu.VolovikovMV.Sprint1.Task2.V8.Test.csproj", "{41E2641B-1252-4D2E-883E-A66A563A5945}"
EndProject
Project("{2150E333-8FDC-42A3-9474-1A3956D46DE8}") = "Task4", "Task4", "{37FA61C8-9A6A-4D6A-BF33-1846F971CBB9}"
EndProject
Project("{FAE04EC0-301F-11D3-BF4B-00C04F79EFBC}") = "Tyuiu.VolovikovMV.Sprint1.Task4.V2", "Tyuiu.VolovikovMV.Sprint1.Task4.V2\Tyuiu.VolovikovMV.Sprint1.Task4.V2.csproj", "{4C70EBFD-4E34-4433-B39F-986590C04B60}"
EndProject
Project("{FAE04EC0-301F-11D3-BF4B-00C04F79EFBC}") = "Tyuiu.VolovikovMV.Sprint1.Task4.V2.Test", "Tyuiu.VolovikovMV.Sprint1.Task4.V2.Test\Tyuiu.VolovikovMV.Sprint1.Task4.V2.Test.csproj", "{5B73FD5D-EB0C-4F35-84B4-1B7DAA8B6F39}"
EndProject
Project("{FAE04EC0-301F-11D3-BF4B-00C04F79EFBC}") = "Tyuiu.VolovikovMV.Sprint1.Task4.V2.Lib", "Tyuiu.VolovikovMV.Sprint1.Task4.V2.Lib\Tyuiu.VolovikovMV.Sprint1.Task4.V2.Lib.csproj", "{4E4C3A3D-4F35-44D5-8431-31AB52989757}"
EndProject
Project("{2150E333-8FDC-42A3-9474-1A3956D46DE8}") = "Task5", "Task5", "{E8450AA7-7598-41D0-B336-56C191B505E3}"
EndProject
Project("{FAE04EC0-301F-11D3-BF4B-00C04F79EFBC}") = "Tyuiu.VolovikovMV.Sprint1.Task5.V4", "Tyuiu.VolovikovMV.Sprint1.Task5.V4\Tyuiu.VolovikovMV.Sprint1.Task5.V4.csproj", "{5519DB58-C63F-4957-BB75-3FF0C5A47FE3}"
EndProject
Project("{FAE04EC0-301F-11D3-BF4B-00C04F79EFBC}") = "Tyuiu.VolovikovMV.Sprint1.Task5.V4.Lib", "Tyuiu.VolovikovMV.Sprint1.Task5.V4.Lib\Tyuiu.VolovikovMV.Sprint1.Task5.V4.Lib.csproj", "{F98E133B-5B29-42B4-8175-8DDD64DE7128}"
EndProject
Project("{FAE04EC0-301F-11D3-BF4B-00C04F79EFBC}") = "Tyuiu.VolovikovMV.Sprint1.Task5.V4.Test", "Tyuiu.VolovikovMV.Sprint1.Task5.V4.Test\Tyuiu.VolovikovMV.Sprint1.Task5.V4.Test.csproj", "{4820FC93-81CE-4705-8D2F-916439BEC305}"
EndProject
Project("{2150E333-8FDC-42A3-9474-1A3956D46DE8}") = "Task6", "Task6", "{8D55A227-0566-4DD2-B601-1F7877E0AC79}"
EndProject
Project("{FAE04EC0-301F-11D3-BF4B-00C04F79EFBC}") = "Tyuiu.VolovikovMV.Sprint1.Task6.V3", "Tyuiu.VolovikovMV.Sprint1.Task6.V3\Tyuiu.VolovikovMV.Sprint1.Task6.V3.csproj", "{F9E806C6-8410-4841-8B06-33BEB02547D5}"
EndProject
Project("{FAE04EC0-301F-11D3-BF4B-00C04F79EFBC}") = "Tyuiu.VolovikovMV.Sprint1.Task6.V3.Test", "Tyuiu.VolovikovMV.Sprint1.Task6.V3.Test\Tyuiu.VolovikovMV.Sprint1.Task6.V3.Test.csproj", "{EA6FCC30-E36E-4598-9D20-88A28952477D}"
EndProject
Project("{FAE04EC0-301F-11D3-BF4B-00C04F79EFBC}") = "Tyuiu.VolovikovMV.Sprint1.Task6.V3.Lib", "Tyuiu.VolovikovMV.Sprint1.Task6.V3.Lib\Tyuiu.VolovikovMV.Sprint1.Task6.V3.Lib.csproj", "{E131CF02-9921-4DC6-A349-55FB69952823}"
EndProject
Project("{2150E333-8FDC-42A3-9474-1A3956D46DE8}") = "Task7", "Task7", "{E16A4E1D-3E78-4D44-8F6F-4DAD4A79CF91}"
EndProject
Project("{FAE04EC0-301F-11D3-BF4B-00C04F79EFBC}") = "Tyuiu.VolovikovMV.Sprint1.Task7.V10.Lib", "Tyuiu.VolovikovMV.Sprint1.Task7.V10.Lib\Tyuiu.VolovikovMV.Sprint1.Task7.V10.Lib.csproj", "{BC1D04C1-8863-44E8-A6FE-0318AA82B8E0}"
EndProject
Project("{FAE04EC0-301F-11D3-BF4B-00C04F79EFBC}") = "Tyuiu.VolovikovMV.Sprint1.Task7.V10.Test", "Tyuiu.VolovikovMV.Sprint1.Task7.V10.Test\Tyuiu.VolovikovMV.Sprint1.Task7.V10.Test.csproj", "{F628E078-E0A6-4EE4-A95D-996EDFC4FD73}"
EndProject
Project("{FAE04EC0-301F-11D3-BF4B-00C04F79EFBC}") = "Tyuiu.VolovikovMV.Sprint1.Task7.V10", "Tyuiu.VolovikovMV.Sprint1.Task7.V10\Tyuiu.VolovikovMV.Sprint1.Task7.V10.csproj", "{69B9AE14-BF4C-412F-844A-1BC558B07358}"
EndProject
Global
	GlobalSection(SolutionConfigurationPlatforms) = preSolution
		Debug|Any CPU = Debug|Any CPU
		Release|Any CPU = Release|Any CPU
	EndGlobalSection
	GlobalSection(ProjectConfigurationPlatforms) = postSolution
		{26DAB4C6-E159-44C1-AE20-A5B648794D09}.Debug|Any CPU.ActiveCfg = Debug|Any CPU
		{26DAB4C6-E159-44C1-AE20-A5B648794D09}.Debug|Any CPU.Build.0 = Debug|Any CPU
		{26DAB4C6-E159-44C1-AE20-A5B648794D09}.Release|Any CPU.ActiveCfg = Release|Any CPU
		{26DAB4C6-E159-44C1-AE20-A5B648794D09}.Release|Any CPU.Build.0 = Release|Any CPU
		{7B2BF9A1-274C-42E5-93DF-DCC84ED33033}.Debug|Any CPU.ActiveCfg = Debug|Any CPU
		{7B2BF9A1-274C-42E5-93DF-DCC84ED33033}.Debug|Any CPU.Build.0 = Debug|Any CPU
		{7B2BF9A1-274C-42E5-93DF-DCC84ED33033}.Release|Any CPU.ActiveCfg = Release|Any CPU
		{7B2BF9A1-274C-42E5-93DF-DCC84ED33033}.Release|Any CPU.Build.0 = Release|Any CPU
		{28183D37-55DF-4BB1-8760-CC7E60E5D55F}.Debug|Any CPU.ActiveCfg = Debug|Any CPU
		{28183D37-55DF-4BB1-8760-CC7E60E5D55F}.Debug|Any CPU.Build.0 = Debug|Any CPU
		{28183D37-55DF-4BB1-8760-CC7E60E5D55F}.Release|Any CPU.ActiveCfg = Release|Any CPU
		{28183D37-55DF-4BB1-8760-CC7E60E5D55F}.Release|Any CPU.Build.0 = Release|Any CPU
		{6E4B5406-4A42-495B-A9C0-673971A126AB}.Debug|Any CPU.ActiveCfg = Debug|Any CPU
		{6E4B5406-4A42-495B-A9C0-673971A126AB}.Debug|Any CPU.Build.0 = Debug|Any CPU
		{6E4B5406-4A42-495B-A9C0-673971A126AB}.Release|Any CPU.ActiveCfg = Release|Any CPU
		{6E4B5406-4A42-495B-A9C0-673971A126AB}.Release|Any CPU.Build.0 = Release|Any CPU
		{29C9387B-0D50-4FAF-ABDC-CF64D10FAE4E}.Debug|Any CPU.ActiveCfg = Debug|Any CPU
		{29C9387B-0D50-4FAF-ABDC-CF64D10FAE4E}.Debug|Any CPU.Build.0 = Debug|Any CPU
		{29C9387B-0D50-4FAF-ABDC-CF64D10FAE4E}.Release|Any CPU.ActiveCfg = Release|Any CPU
		{29C9387B-0D50-4FAF-ABDC-CF64D10FAE4E}.Release|Any CPU.Build.0 = Release|Any CPU
		{0A919C0B-E471-41DC-874A-1D8EF1267D4F}.Debug|Any CPU.ActiveCfg = Debug|Any CPU
		{0A919C0B-E471-41DC-874A-1D8EF1267D4F}.Debug|Any CPU.Build.0 = Debug|Any CPU
		{0A919C0B-E471-41DC-874A-1D8EF1267D4F}.Release|Any CPU.ActiveCfg = Release|Any CPU
		{0A919C0B-E471-41DC-874A-1D8EF1267D4F}.Release|Any CPU.Build.0 = Release|Any CPU
		{645C53BC-9F2C-47AF-89CB-05F5016CFEF4}.Debug|Any CPU.ActiveCfg = Debug|Any CPU
		{645C53BC-9F2C-47AF-89CB-05F5016CFEF4}.Debug|Any CPU.Build.0 = Debug|Any CPU
		{645C53BC-9F2C-47AF-89CB-05F5016CFEF4}.Release|Any CPU.ActiveCfg = Release|Any CPU
		{645C53BC-9F2C-47AF-89CB-05F5016CFEF4}.Release|Any CPU.Build.0 = Release|Any CPU
		{8375AAB1-1F8C-401A-91D0-C3F7237D108B}.Debug|Any CPU.ActiveCfg = Debug|Any CPU
		{8375AAB1-1F8C-401A-91D0-C3F7237D108B}.Debug|Any CPU.Build.0 = Debug|Any CPU
		{8375AAB1-1F8C-401A-91D0-C3F7237D108B}.Release|Any CPU.ActiveCfg = Release|Any CPU
		{8375AAB1-1F8C-401A-91D0-C3F7237D108B}.Release|Any CPU.Build.0 = Release|Any CPU
		{5E2A94E1-DC40-4621-AB9B-533E7375A7B1}.Debug|Any CPU.ActiveCfg = Debug|Any CPU
		{5E2A94E1-DC40-4621-AB9B-533E7375A7B1}.Debug|Any CPU.Build.0 = Debug|Any CPU
		{5E2A94E1-DC40-4621-AB9B-533E7375A7B1}.Release|Any CPU.ActiveCfg = Release|Any CPU
		{5E2A94E1-DC40-4621-AB9B-533E7375A7B1}.Release|Any CPU.Build.0 = Release|Any CPU
		{84A099EF-8ADD-4572-8B6A-3C71614D9474}.Debug|Any CPU.ActiveCfg = Debug|Any CPU
		{84A099EF-8ADD-4572-8B6A-3C71614D9474}.Debug|Any CPU.Build.0 = Debug|Any CPU
		{84A099EF-8ADD-4572-8B6A-3C71614D9474}.Release|Any CPU.ActiveCfg = Release|Any CPU
		{84A099EF-8ADD-4572-8B6A-3C71614D9474}.Release|Any CPU.Build.0 = Release|Any CPU
		{75B86B07-DEB0-4332-B1D3-6B9844AC6473}.Debug|Any CPU.ActiveCfg = Debug|Any CPU
		{75B86B07-DEB0-4332-B1D3-6B9844AC6473}.Debug|Any CPU.Build.0 = Debug|Any CPU
		{75B86B07-DEB0-4332-B1D3-6B9844AC6473}.Release|Any CPU.ActiveCfg = Release|Any CPU
		{75B86B07-DEB0-4332-B1D3-6B9844AC6473}.Release|Any CPU.Build.0 = Release|Any CPU
		{41E2641B-1252-4D2E-883E-A66A563A5945}.Debug|Any CPU.ActiveCfg = Debug|Any CPU
		{41E2641B-1252-4D2E-883E-A66A563A5945}.Debug|Any CPU.Build.0 = Debug|Any CPU
		{41E2641B-1252-4D2E-883E-A66A563A5945}.Release|Any CPU.ActiveCfg = Release|Any CPU
		{41E2641B-1252-4D2E-883E-A66A563A5945}.Release|Any CPU.Build.0 = Release|Any CPU
		{4C70EBFD-4E34-4433-B39F-986590C04B60}.Debug|Any CPU.ActiveCfg = Debug|Any CPU
		{4C70EBFD-4E34-4433-B39F-986590C04B60}.Debug|Any CPU.Build.0 = Debug|Any CPU
		{4C70EBFD-4E34-4433-B39F-986590C04B60}.Release|Any CPU.ActiveCfg = Release|Any CPU
		{4C70EBFD-4E34-4433-B39F-986590C04B60}.Release|Any CPU.Build.0 = Release|Any CPU
		{5B73FD5D-EB0C-4F35-84B4-1B7DAA8B6F39}.Debug|Any CPU.ActiveCfg = Debug|Any CPU
		{5B73FD5D-EB0C-4F35-84B4-1B7DAA8B6F39}.Debug|Any CPU.Build.0 = Debug|Any CPU
		{5B73FD5D-EB0C-4F35-84B4-1B7DAA8B6F39}.Release|Any CPU.ActiveCfg = Release|Any CPU
		{5B73FD5D-EB0C-4F35-84B4-1B7DAA8B6F39}.Release|Any CPU.Build.0 = Release|Any CPU
		{4E4C3A3D-4F35-44D5-8431-31AB52989757}.Debug|Any CPU.ActiveCfg = Debug|Any CPU
		{4E4C3A3D-4F35-44D5-8431-31AB52989757}.Debug|Any CPU.Build.0 = Debug|Any CPU
		{4E4C3A3D-4F35-44D5-8431-31AB52989757}.Release|Any CPU.ActiveCfg = Release|Any CPU
		{4E4C3A3D-4F35-44D5-8431-31AB52989757}.Release|Any CPU.Build.0 = Release|Any CPU
		{5519DB58-C63F-4957-BB75-3FF0C5A47FE3}.Debug|Any CPU.ActiveCfg = Debug|Any CPU
		{5519DB58-C63F-4957-BB75-3FF0C5A47FE3}.Debug|Any CPU.Build.0 = Debug|Any CPU
		{5519DB58-C63F-4957-BB75-3FF0C5A47FE3}.Release|Any CPU.ActiveCfg = Release|Any CPU
		{5519DB58-C63F-4957-BB75-3FF0C5A47FE3}.Release|Any CPU.Build.0 = Release|Any CPU
		{F98E133B-5B29-42B4-8175-8DDD64DE7128}.Debug|Any CPU.ActiveCfg = Debug|Any CPU
		{F98E133B-5B29-42B4-8175-8DDD64DE7128}.Debug|Any CPU.Build.0 = Debug|Any CPU
		{F98E133B-5B29-42B4-8175-8DDD64DE7128}.Release|Any CPU.ActiveCfg = Release|Any CPU
		{F98E133B-5B29-42B4-8175-8DDD64DE7128}.Release|Any CPU.Build.0 = Release|Any CPU
		{4820FC93-81CE-4705-8D2F-916439BEC305}.Debug|Any CPU.ActiveCfg = Debug|Any CPU
		{4820FC93-81CE-4705-8D2F-916439BEC305}.Debug|Any CPU.Build.0 = Debug|Any CPU
		{4820FC93-81CE-4705-8D2F-916439BEC305}.Release|Any CPU.ActiveCfg = Release|Any CPU
		{4820FC93-81CE-4705-8D2F-916439BEC305}.Release|Any CPU.Build.0 = Release|Any CPU
		{F9E806C6-8410-4841-8B06-33BEB02547D5}.Debug|Any CPU.ActiveCfg = Debug|Any CPU
		{F9E806C6-8410-4841-8B06-33BEB02547D5}.Debug|Any CPU.Build.0 = Debug|Any CPU
		{F9E806C6-8410-4841-8B06-33BEB02547D5}.Release|Any CPU.ActiveCfg = Release|Any CPU
		{F9E806C6-8410-4841-8B06-33BEB02547D5}.Release|Any CPU.Build.0 = Release|Any CPU
		{EA6FCC30-E36E-4598-9D20-88A28952477D}.Debug|Any CPU.ActiveCfg = Debug|Any CPU
		{EA6FCC30-E36E-4598-9D20-88A28952477D}.Debug|Any CPU.Build.0 = Debug|Any CPU
		{EA6FCC30-E36E-4598-9D20-88A28952477D}.Release|Any CPU.ActiveCfg = Release|Any CPU
		{EA6FCC30-E36E-4598-9D20-88A28952477D}.Release|Any CPU.Build.0 = Release|Any CPU
		{E131CF02-9921-4DC6-A349-55FB69952823}.Debug|Any CPU.ActiveCfg = Debug|Any CPU
		{E131CF02-9921-4DC6-A349-55FB69952823}.Debug|Any CPU.Build.0 = Debug|Any CPU
		{E131CF02-9921-4DC6-A349-55FB69952823}.Release|Any CPU.ActiveCfg = Release|Any CPU
		{E131CF02-9921-4DC6-A349-55FB69952823}.Release|Any CPU.Build.0 = Release|Any CPU
		{BC1D04C1-8863-44E8-A6FE-0318AA82B8E0}.Debug|Any CPU.ActiveCfg = Debug|Any CPU
		{BC1D04C1-8863-44E8-A6FE-0318AA82B8E0}.Debug|Any CPU.Build.0 = Debug|Any CPU
		{BC1D04C1-8863-44E8-A6FE-0318AA82B8E0}.Release|Any CPU.ActiveCfg = Release|Any CPU
		{BC1D04C1-8863-44E8-A6FE-0318AA82B8E0}.Release|Any CPU.Build.0 = Release|Any CPU
		{F628E078-E0A6-4EE4-A95D-996EDFC4FD73}.Debug|Any CPU.ActiveCfg = Debug|Any CPU
		{F628E078-E0A6-4EE4-A95D-996EDFC4FD73}.Debug|Any CPU.Build.0 = Debug|Any CPU
		{F628E078-E0A6-4EE4-A95D-996EDFC4FD73}.Release|Any CPU.ActiveCfg = Release|Any CPU
		{F628E078-E0A6-4EE4-A95D-996EDFC4FD73}.Release|Any CPU.Build.0 = Release|Any CPU
		{69B9AE14-BF4C-412F-844A-1BC558B07358}.Debug|Any CPU.ActiveCfg = Debug|Any CPU
		{69B9AE14-BF4C-412F-844A-1BC558B07358}.Debug|Any CPU.Build.0 = Debug|Any CPU
		{69B9AE14-BF4C-412F-844A-1BC558B07358}.Release|Any CPU.ActiveCfg = Release|Any CPU
		{69B9AE14-BF4C-412F-844A-1BC558B07358}.Release|Any CPU.Build.0 = Release|Any CPU
	EndGlobalSection
	GlobalSection(SolutionProperties) = preSolution
		HideSolutionNode = FALSE
	EndGlobalSection
	GlobalSection(NestedProjects) = preSolution
		{26DAB4C6-E159-44C1-AE20-A5B648794D09} = {5195CD4E-BE30-4646-BAC7-CC1D6465FE73}
		{7B2BF9A1-274C-42E5-93DF-DCC84ED33033} = {5195CD4E-BE30-4646-BAC7-CC1D6465FE73}
		{28183D37-55DF-4BB1-8760-CC7E60E5D55F} = {5195CD4E-BE30-4646-BAC7-CC1D6465FE73}
		{6E4B5406-4A42-495B-A9C0-673971A126AB} = {B0656072-D042-47FB-9EC9-BD87F097F12B}
		{29C9387B-0D50-4FAF-ABDC-CF64D10FAE4E} = {B0656072-D042-47FB-9EC9-BD87F097F12B}
		{0A919C0B-E471-41DC-874A-1D8EF1267D4F} = {B0656072-D042-47FB-9EC9-BD87F097F12B}
		{645C53BC-9F2C-47AF-89CB-05F5016CFEF4} = {BBE711B6-98A5-44FA-B6F1-6EC3758F6824}
		{8375AAB1-1F8C-401A-91D0-C3F7237D108B} = {BBE711B6-98A5-44FA-B6F1-6EC3758F6824}
		{5E2A94E1-DC40-4621-AB9B-533E7375A7B1} = {BBE711B6-98A5-44FA-B6F1-6EC3758F6824}
		{84A099EF-8ADD-4572-8B6A-3C71614D9474} = {225D8A11-C1E4-4FEF-A8D2-B348F3533DC2}
		{75B86B07-DEB0-4332-B1D3-6B9844AC6473} = {225D8A11-C1E4-4FEF-A8D2-B348F3533DC2}
		{41E2641B-1252-4D2E-883E-A66A563A5945} = {225D8A11-C1E4-4FEF-A8D2-B348F3533DC2}
		{4C70EBFD-4E34-4433-B39F-986590C04B60} = {37FA61C8-9A6A-4D6A-BF33-1846F971CBB9}
		{5B73FD5D-EB0C-4F35-84B4-1B7DAA8B6F39} = {37FA61C8-9A6A-4D6A-BF33-1846F971CBB9}
		{4E4C3A3D-4F35-44D5-8431-31AB52989757} = {37FA61C8-9A6A-4D6A-BF33-1846F971CBB9}
		{5519DB58-C63F-4957-BB75-3FF0C5A47FE3} = {E8450AA7-7598-41D0-B336-56C191B505E3}
		{F98E133B-5B29-42B4-8175-8DDD64DE7128} = {E8450AA7-7598-41D0-B336-56C191B505E3}
		{4820FC93-81CE-4705-8D2F-916439BEC305} = {E8450AA7-7598-41D0-B336-56C191B505E3}
		{F9E806C6-8410-4841-8B06-33BEB02547D5} = {8D55A227-0566-4DD2-B601-1F7877E0AC79}
		{EA6FCC30-E36E-4598-9D20-88A28952477D} = {8D55A227-0566-4DD2-B601-1F7877E0AC79}
		{E131CF02-9921-4DC6-A349-55FB69952823} = {8D55A227-0566-4DD2-B601-1F7877E0AC79}
		{BC1D04C1-8863-44E8-A6FE-0318AA82B8E0} = {E16A4E1D-3E78-4D44-8F6F-4DAD4A79CF91}
		{F628E078-E0A6-4EE4-A95D-996EDFC4FD73} = {E16A4E1D-3E78-4D44-8F6F-4DAD4A79CF91}
		{69B9AE14-BF4C-412F-844A-1BC558B07358} = {E16A4E1D-3E78-4D44-8F6F-4DAD4A79CF91}
	EndGlobalSection
	GlobalSection(ExtensibilityGlobals) = postSolution
		SolutionGuid = {0D97ECA2-6C18-4C04-BFF6-649BCE7052DA}
	EndGlobalSection
EndGlobal
